
Microsoft Visual Studio Solution File, Format Version 12.00
# Visual Studio Version 16
VisualStudioVersion = 16.0.29215.179
MinimumVisualStudioVersion = 10.0.40219.1
Project("{FAE04EC0-301F-11D3-BF4B-00C04F79EFBC}") = "CH15 Ex01", "CH15 Ex01\CH15 Ex01.csproj", "{995841E0-9E86-4237-B033-6D619F214191}"
EndProject
Global
	GlobalSection(SolutionConfigurationPlatforms) = preSolution
		Debug|Any CPU = Debug|Any CPU
		Release|Any CPU = Release|Any CPU
	EndGlobalSection
	GlobalSection(ProjectConfigurationPlatforms) = postSolution
		{995841E0-9E86-4237-B033-6D619F214191}.Debug|Any CPU.ActiveCfg = Debug|Any CPU
		{995841E0-9E86-4237-B033-6D619F214191}.Debug|Any CPU.Build.0 = Debug|Any CPU
		{995841E0-9E86-4237-B033-6D619F214191}.Release|Any CPU.ActiveCfg = Release|Any CPU
		{995841E0-9E86-4237-B033-6D619F214191}.Release|Any CPU.Build.0 = Release|Any CPU
	EndGlobalSection
	GlobalSection(SolutionProperties) = preSolution
		HideSolutionNode = FALSE
	EndGlobalSection
	GlobalSection(ExtensibilityGlobals) = postSolution
		SolutionGuid = {C5CB51F1-B2CE-44CF-B99F-A455354709D3}
	EndGlobalSection
EndGlobal
